
Microsoft Visual Studio Solution File, Format Version 12.00
# Visual Studio Version 16
VisualStudioVersion = 16.0.30621.155
MinimumVisualStudioVersion = 10.0.40219.1
Project("{FAE04EC0-301F-11D3-BF4B-00C04F79EFBC}") = "Calculator", "Calculator\Calculator.csproj", "{C5F73253-0669-46FC-864D-2180E65CC522}"
EndProject
Global
	GlobalSection(SolutionConfigurationPlatforms) = preSolution
		Debug|Any CPU = Debug|Any CPU
		Release|Any CPU = Release|Any CPU
	EndGlobalSection
	GlobalSection(ProjectConfigurationPlatforms) = postSolution
		{C5F73253-0669-46FC-864D-2180E65CC522}.Debug|Any CPU.ActiveCfg = Debug|Any CPU
		{C5F73253-0669-46FC-864D-2180E65CC522}.Debug|Any CPU.Build.0 = Debug|Any CPU
		{C5F73253-0669-46FC-864D-2180E65CC522}.Release|Any CPU.ActiveCfg = Release|Any CPU
		{C5F73253-0669-46FC-864D-2180E65CC522}.Release|Any CPU.Build.0 = Release|Any CPU
	EndGlobalSection
	GlobalSection(SolutionProperties) = preSolution
		HideSolutionNode = FALSE
	EndGlobalSection
	GlobalSection(ExtensibilityGlobals) = postSolution
		SolutionGuid = {8B1F25BC-61FD-4716-BD36-473E0D37B701}
	EndGlobalSection
EndGlobal
